
Microsoft Visual Studio Solution File, Format Version 12.00
# Visual Studio Version 17
VisualStudioVersion = 17.7.34009.444
MinimumVisualStudioVersion = 10.0.40219.1
Project("{8BC9CEB8-8B4A-11D0-8D11-00A0C91BC942}") = "monadic_operations_for_optional", "monadic_operations_for_optional\monadic_operations_for_optional.vcxproj", "{F2431433-A54B-489E-A736-05E4B810316C}"
EndProject
Global
	GlobalSection(SolutionConfigurationPlatforms) = preSolution
		Debug|x64 = Debug|x64
		Debug|x86 = Debug|x86
		Release|x64 = Release|x64
		Release|x86 = Release|x86
	EndGlobalSection
	GlobalSection(ProjectConfigurationPlatforms) = postSolution
		{F2431433-A54B-489E-A736-05E4B810316C}.Debug|x64.ActiveCfg = Debug|x64
		{F2431433-A54B-489E-A736-05E4B810316C}.Debug|x64.Build.0 = Debug|x64
		{F2431433-A54B-489E-A736-05E4B810316C}.Debug|x86.ActiveCfg = Debug|Win32
		{F2431433-A54B-489E-A736-05E4B810316C}.Debug|x86.Build.0 = Debug|Win32
		{F2431433-A54B-489E-A736-05E4B810316C}.Release|x64.ActiveCfg = Release|x64
		{F2431433-A54B-489E-A736-05E4B810316C}.Release|x64.Build.0 = Release|x64
		{F2431433-A54B-489E-A736-05E4B810316C}.Release|x86.ActiveCfg = Release|Win32
		{F2431433-A54B-489E-A736-05E4B810316C}.Release|x86.Build.0 = Release|Win32
	EndGlobalSection
	GlobalSection(SolutionProperties) = preSolution
		HideSolutionNode = FALSE
	EndGlobalSection
	GlobalSection(ExtensibilityGlobals) = postSolution
		SolutionGuid = {42801F13-87D5-4B74-A175-B715CADC19E8}
	EndGlobalSection
EndGlobal
